
Microsoft Visual Studio Solution File, Format Version 12.00
# Visual Studio Version 16
VisualStudioVersion = 16.0.28606.126
MinimumVisualStudioVersion = 10.0.40219.1
Project("{FAE04EC0-301F-11D3-BF4B-00C04F79EFBC}") = "KFN_Viewer", "KFN_Viewer.csproj", "{70CDCF14-E5DD-4B43-88FF-4BF93ACC1042}"
EndProject
Global
	GlobalSection(SolutionConfigurationPlatforms) = preSolution
		Debug|Any CPU = Debug|Any CPU
		Release|Any CPU = Release|Any CPU
	EndGlobalSection
	GlobalSection(ProjectConfigurationPlatforms) = postSolution
		{70CDCF14-E5DD-4B43-88FF-4BF93ACC1042}.Debug|Any CPU.ActiveCfg = Debug|Any CPU
		{70CDCF14-E5DD-4B43-88FF-4BF93ACC1042}.Debug|Any CPU.Build.0 = Debug|Any CPU
		{70CDCF14-E5DD-4B43-88FF-4BF93ACC1042}.Release|Any CPU.ActiveCfg = Release|Any CPU
		{70CDCF14-E5DD-4B43-88FF-4BF93ACC1042}.Release|Any CPU.Build.0 = Release|Any CPU
	EndGlobalSection
	GlobalSection(SolutionProperties) = preSolution
		HideSolutionNode = FALSE
	EndGlobalSection
	GlobalSection(ExtensibilityGlobals) = postSolution
		SolutionGuid = {FAC19E90-6595-4987-9F77-1B562A5E8443}
	EndGlobalSection
EndGlobal
